
Microsoft Visual Studio Solution File, Format Version 12.00
# Visual Studio Version 17
VisualStudioVersion = 17.3.32819.101
MinimumVisualStudioVersion = 10.0.40219.1
Project("{FAE04EC0-301F-11D3-BF4B-00C04F79EFBC}") = "CodeGitz", "CodeGitz.csproj", "{08A2DEDC-97FB-45C8-BC11-691F0FB91EA3}"
EndProject
Global
	GlobalSection(SolutionConfigurationPlatforms) = preSolution
		Debug|Any CPU = Debug|Any CPU
		Release|Any CPU = Release|Any CPU
	EndGlobalSection
	GlobalSection(ProjectConfigurationPlatforms) = postSolution
		{08A2DEDC-97FB-45C8-BC11-691F0FB91EA3}.Debug|Any CPU.ActiveCfg = Debug|Any CPU
		{08A2DEDC-97FB-45C8-BC11-691F0FB91EA3}.Debug|Any CPU.Build.0 = Debug|Any CPU
		{08A2DEDC-97FB-45C8-BC11-691F0FB91EA3}.Release|Any CPU.ActiveCfg = Release|Any CPU
		{08A2DEDC-97FB-45C8-BC11-691F0FB91EA3}.Release|Any CPU.Build.0 = Release|Any CPU
	EndGlobalSection
	GlobalSection(SolutionProperties) = preSolution
		HideSolutionNode = FALSE
	EndGlobalSection
	GlobalSection(ExtensibilityGlobals) = postSolution
		SolutionGuid = {D76E6A8C-1C55-48D8-86D1-D4EE5D2C0B31}
	EndGlobalSection
EndGlobal
